
Microsoft Visual Studio Solution File, Format Version 12.00
# Visual Studio Version 16
VisualStudioVersion = 16.0.30104.148
MinimumVisualStudioVersion = 10.0.40219.1
Project("{FAE04EC0-301F-11D3-BF4B-00C04F79EFBC}") = "PresentationLayer", "PresentationLayer\PresentationLayer.csproj", "{BE6FE212-08F1-4130-BB80-9E2989250F2A}"
	ProjectSection(ProjectDependencies) = postProject
		{EFA7D49B-9775-468E-8DF3-F180B192EE37} = {EFA7D49B-9775-468E-8DF3-F180B192EE37}
		{03EBD69C-6FBE-41A1-A72D-ACE05062F072} = {03EBD69C-6FBE-41A1-A72D-ACE05062F072}
		{BCE429D0-131D-4097-8F90-66B46A8BECFA} = {BCE429D0-131D-4097-8F90-66B46A8BECFA}
		{D5A7C1F0-AF5A-4602-BD65-38C661BDF044} = {D5A7C1F0-AF5A-4602-BD65-38C661BDF044}
	EndProjectSection
EndProject
Project("{2150E333-8FDC-42A3-9474-1A3956D46DE8}") = "SolutionApps", "SolutionApps", "{FD978FE6-C91A-45B1-BBCD-83C30FDA611B}"
EndProject
Project("{2150E333-8FDC-42A3-9474-1A3956D46DE8}") = "HelperLibraries", "HelperLibraries", "{A7EB1F56-E317-42D4-96F7-24E66E0B5463}"
EndProject
Project("{2150E333-8FDC-42A3-9474-1A3956D46DE8}") = "WebApi", "WebApi", "{521832CD-E2A6-4B1A-8E0F-D453FAAFAB47}"
EndProject
Project("{FAE04EC0-301F-11D3-BF4B-00C04F79EFBC}") = "HttpServices", "HttpServices\HttpServices.csproj", "{4149EF2B-DB06-4391-9D1A-7FF76FD3E9BF}"
	ProjectSection(ProjectDependencies) = postProject
		{EFA7D49B-9775-468E-8DF3-F180B192EE37} = {EFA7D49B-9775-468E-8DF3-F180B192EE37}
		{03EBD69C-6FBE-41A1-A72D-ACE05062F072} = {03EBD69C-6FBE-41A1-A72D-ACE05062F072}
		{BCE429D0-131D-4097-8F90-66B46A8BECFA} = {BCE429D0-131D-4097-8F90-66B46A8BECFA}
		{D5A7C1F0-AF5A-4602-BD65-38C661BDF044} = {D5A7C1F0-AF5A-4602-BD65-38C661BDF044}
	EndProjectSection
EndProject
Project("{FAE04EC0-301F-11D3-BF4B-00C04F79EFBC}") = "Models", "Models\Models.csproj", "{03EBD69C-6FBE-41A1-A72D-ACE05062F072}"
EndProject
Project("{FAE04EC0-301F-11D3-BF4B-00C04F79EFBC}") = "DataAccessLayer", "DataAccessLayer\DataAccessLayer.csproj", "{032C0F6D-D9E7-4BA1-ADC3-355856A03AEE}"
	ProjectSection(ProjectDependencies) = postProject
		{03EBD69C-6FBE-41A1-A72D-ACE05062F072} = {03EBD69C-6FBE-41A1-A72D-ACE05062F072}
	EndProjectSection
EndProject
Project("{FAE04EC0-301F-11D3-BF4B-00C04F79EFBC}") = "BusinessObjectLayer", "BusinessObjectLayer\BusinessObjectLayer.csproj", "{EFA7D49B-9775-468E-8DF3-F180B192EE37}"
	ProjectSection(ProjectDependencies) = postProject
		{032C0F6D-D9E7-4BA1-ADC3-355856A03AEE} = {032C0F6D-D9E7-4BA1-ADC3-355856A03AEE}
	EndProjectSection
EndProject
Project("{FAE04EC0-301F-11D3-BF4B-00C04F79EFBC}") = "Base", "Base\Base.csproj", "{D5A7C1F0-AF5A-4602-BD65-38C661BDF044}"
EndProject
Project("{FAE04EC0-301F-11D3-BF4B-00C04F79EFBC}") = "GlobalDistributionSystem", "GlobalDistributionSystem\GlobalDistributionSystem.csproj", "{BCE429D0-131D-4097-8F90-66B46A8BECFA}"
EndProject
Global
	GlobalSection(SolutionConfigurationPlatforms) = preSolution
		Debug|Any CPU = Debug|Any CPU
		Release|Any CPU = Release|Any CPU
	EndGlobalSection
	GlobalSection(ProjectConfigurationPlatforms) = postSolution
		{BE6FE212-08F1-4130-BB80-9E2989250F2A}.Debug|Any CPU.ActiveCfg = Debug|Any CPU
		{BE6FE212-08F1-4130-BB80-9E2989250F2A}.Debug|Any CPU.Build.0 = Debug|Any CPU
		{BE6FE212-08F1-4130-BB80-9E2989250F2A}.Release|Any CPU.ActiveCfg = Release|Any CPU
		{BE6FE212-08F1-4130-BB80-9E2989250F2A}.Release|Any CPU.Build.0 = Release|Any CPU
		{4149EF2B-DB06-4391-9D1A-7FF76FD3E9BF}.Debug|Any CPU.ActiveCfg = Debug|Any CPU
		{4149EF2B-DB06-4391-9D1A-7FF76FD3E9BF}.Debug|Any CPU.Build.0 = Debug|Any CPU
		{4149EF2B-DB06-4391-9D1A-7FF76FD3E9BF}.Release|Any CPU.ActiveCfg = Release|Any CPU
		{4149EF2B-DB06-4391-9D1A-7FF76FD3E9BF}.Release|Any CPU.Build.0 = Release|Any CPU
		{03EBD69C-6FBE-41A1-A72D-ACE05062F072}.Debug|Any CPU.ActiveCfg = Debug|Any CPU
		{03EBD69C-6FBE-41A1-A72D-ACE05062F072}.Debug|Any CPU.Build.0 = Debug|Any CPU
		{03EBD69C-6FBE-41A1-A72D-ACE05062F072}.Release|Any CPU.ActiveCfg = Release|Any CPU
		{03EBD69C-6FBE-41A1-A72D-ACE05062F072}.Release|Any CPU.Build.0 = Release|Any CPU
		{032C0F6D-D9E7-4BA1-ADC3-355856A03AEE}.Debug|Any CPU.ActiveCfg = Debug|Any CPU
		{032C0F6D-D9E7-4BA1-ADC3-355856A03AEE}.Debug|Any CPU.Build.0 = Debug|Any CPU
		{032C0F6D-D9E7-4BA1-ADC3-355856A03AEE}.Release|Any CPU.ActiveCfg = Release|Any CPU
		{032C0F6D-D9E7-4BA1-ADC3-355856A03AEE}.Release|Any CPU.Build.0 = Release|Any CPU
		{EFA7D49B-9775-468E-8DF3-F180B192EE37}.Debug|Any CPU.ActiveCfg = Debug|Any CPU
		{EFA7D49B-9775-468E-8DF3-F180B192EE37}.Debug|Any CPU.Build.0 = Debug|Any CPU
		{EFA7D49B-9775-468E-8DF3-F180B192EE37}.Release|Any CPU.ActiveCfg = Release|Any CPU
		{EFA7D49B-9775-468E-8DF3-F180B192EE37}.Release|Any CPU.Build.0 = Release|Any CPU
		{D5A7C1F0-AF5A-4602-BD65-38C661BDF044}.Debug|Any CPU.ActiveCfg = Debug|Any CPU
		{D5A7C1F0-AF5A-4602-BD65-38C661BDF044}.Debug|Any CPU.Build.0 = Debug|Any CPU
		{D5A7C1F0-AF5A-4602-BD65-38C661BDF044}.Release|Any CPU.ActiveCfg = Release|Any CPU
		{D5A7C1F0-AF5A-4602-BD65-38C661BDF044}.Release|Any CPU.Build.0 = Release|Any CPU
		{BCE429D0-131D-4097-8F90-66B46A8BECFA}.Debug|Any CPU.ActiveCfg = Debug|Any CPU
		{BCE429D0-131D-4097-8F90-66B46A8BECFA}.Debug|Any CPU.Build.0 = Debug|Any CPU
		{BCE429D0-131D-4097-8F90-66B46A8BECFA}.Release|Any CPU.ActiveCfg = Release|Any CPU
		{BCE429D0-131D-4097-8F90-66B46A8BECFA}.Release|Any CPU.Build.0 = Release|Any CPU
	EndGlobalSection
	GlobalSection(SolutionProperties) = preSolution
		HideSolutionNode = FALSE
	EndGlobalSection
	GlobalSection(NestedProjects) = preSolution
		{BE6FE212-08F1-4130-BB80-9E2989250F2A} = {FD978FE6-C91A-45B1-BBCD-83C30FDA611B}
		{4149EF2B-DB06-4391-9D1A-7FF76FD3E9BF} = {521832CD-E2A6-4B1A-8E0F-D453FAAFAB47}
		{03EBD69C-6FBE-41A1-A72D-ACE05062F072} = {A7EB1F56-E317-42D4-96F7-24E66E0B5463}
		{032C0F6D-D9E7-4BA1-ADC3-355856A03AEE} = {A7EB1F56-E317-42D4-96F7-24E66E0B5463}
		{EFA7D49B-9775-468E-8DF3-F180B192EE37} = {A7EB1F56-E317-42D4-96F7-24E66E0B5463}
		{D5A7C1F0-AF5A-4602-BD65-38C661BDF044} = {A7EB1F56-E317-42D4-96F7-24E66E0B5463}
		{BCE429D0-131D-4097-8F90-66B46A8BECFA} = {A7EB1F56-E317-42D4-96F7-24E66E0B5463}
	EndGlobalSection
	GlobalSection(ExtensibilityGlobals) = postSolution
		SolutionGuid = {68C4CFA3-F81B-4EDE-8BE1-6B74C08405B8}
	EndGlobalSection
EndGlobal
